
Microsoft Visual Studio Solution File, Format Version 12.00
# Visual Studio Version 16
VisualStudioVersion = 16.0.31005.135
MinimumVisualStudioVersion = 10.0.40219.1
Project("{FAE04EC0-301F-11D3-BF4B-00C04F79EFBC}") = "SosDenunciante", "SosDenunciante\SosDenunciante.csproj", "{03F11956-1A03-4699-9F32-2F8DF3246A83}"
EndProject
Project("{FAE04EC0-301F-11D3-BF4B-00C04F79EFBC}") = "DLLsSosPernambucanas", "DLLsSosPernambucanas\DLLsSosPernambucanas.csproj", "{3FEBF46F-6318-4C1B-9B66-B373CAB8D829}"
EndProject
Global
	GlobalSection(SolutionConfigurationPlatforms) = preSolution
		Debug|Any CPU = Debug|Any CPU
		Release|Any CPU = Release|Any CPU
	EndGlobalSection
	GlobalSection(ProjectConfigurationPlatforms) = postSolution
		{03F11956-1A03-4699-9F32-2F8DF3246A83}.Debug|Any CPU.ActiveCfg = Debug|Any CPU
		{03F11956-1A03-4699-9F32-2F8DF3246A83}.Debug|Any CPU.Build.0 = Debug|Any CPU
		{03F11956-1A03-4699-9F32-2F8DF3246A83}.Release|Any CPU.ActiveCfg = Release|Any CPU
		{03F11956-1A03-4699-9F32-2F8DF3246A83}.Release|Any CPU.Build.0 = Release|Any CPU
		{3FEBF46F-6318-4C1B-9B66-B373CAB8D829}.Debug|Any CPU.ActiveCfg = Debug|Any CPU
		{3FEBF46F-6318-4C1B-9B66-B373CAB8D829}.Debug|Any CPU.Build.0 = Debug|Any CPU
		{3FEBF46F-6318-4C1B-9B66-B373CAB8D829}.Release|Any CPU.ActiveCfg = Release|Any CPU
		{3FEBF46F-6318-4C1B-9B66-B373CAB8D829}.Release|Any CPU.Build.0 = Release|Any CPU
	EndGlobalSection
	GlobalSection(SolutionProperties) = preSolution
		HideSolutionNode = FALSE
	EndGlobalSection
	GlobalSection(ExtensibilityGlobals) = postSolution
		SolutionGuid = {838C9675-AE32-432B-9897-B94C28BCCFDB}
	EndGlobalSection
EndGlobal
